
Microsoft Visual Studio Solution File, Format Version 12.00
# Visual Studio Version 17
VisualStudioVersion = 17.8.34330.188
MinimumVisualStudioVersion = 10.0.40219.1
Project("{9A19103F-16F7-4668-BE54-9A1E7A4F7556}") = "StreamDeckService", "StreamDeckService\StreamDeckService.csproj", "{275EBFF6-3BA7-47D7-B26B-F39A9223732B}"
EndProject
Global
	GlobalSection(SolutionConfigurationPlatforms) = preSolution
		Debug|Any CPU = Debug|Any CPU
		Release|Any CPU = Release|Any CPU
	EndGlobalSection
	GlobalSection(ProjectConfigurationPlatforms) = postSolution
		{275EBFF6-3BA7-47D7-B26B-F39A9223732B}.Debug|Any CPU.ActiveCfg = Debug|Any CPU
		{275EBFF6-3BA7-47D7-B26B-F39A9223732B}.Debug|Any CPU.Build.0 = Debug|Any CPU
		{275EBFF6-3BA7-47D7-B26B-F39A9223732B}.Release|Any CPU.ActiveCfg = Release|Any CPU
		{275EBFF6-3BA7-47D7-B26B-F39A9223732B}.Release|Any CPU.Build.0 = Release|Any CPU
	EndGlobalSection
	GlobalSection(SolutionProperties) = preSolution
		HideSolutionNode = FALSE
	EndGlobalSection
	GlobalSection(ExtensibilityGlobals) = postSolution
		SolutionGuid = {FDD7DB86-240E-4C8D-9056-EFA6DFE16BD3}
	EndGlobalSection
EndGlobal
